
Microsoft Visual Studio Solution File, Format Version 12.00
# Visual Studio Version 17
VisualStudioVersion = 17.4.33103.184
MinimumVisualStudioVersion = 10.0.40219.1
Project("{FAE04EC0-301F-11D3-BF4B-00C04F79EFBC}") = "QuanLyPhongNet", "QuanLyPhongNet\QuanLyPhongNet.csproj", "{AF43D397-F918-4B07-BAF1-963C440EEA48}"
EndProject
Global
	GlobalSection(SolutionConfigurationPlatforms) = preSolution
		Debug|Any CPU = Debug|Any CPU
		Release|Any CPU = Release|Any CPU
	EndGlobalSection
	GlobalSection(ProjectConfigurationPlatforms) = postSolution
		{AF43D397-F918-4B07-BAF1-963C440EEA48}.Debug|Any CPU.ActiveCfg = Debug|Any CPU
		{AF43D397-F918-4B07-BAF1-963C440EEA48}.Debug|Any CPU.Build.0 = Debug|Any CPU
		{AF43D397-F918-4B07-BAF1-963C440EEA48}.Release|Any CPU.ActiveCfg = Release|Any CPU
		{AF43D397-F918-4B07-BAF1-963C440EEA48}.Release|Any CPU.Build.0 = Release|Any CPU
	EndGlobalSection
	GlobalSection(SolutionProperties) = preSolution
		HideSolutionNode = FALSE
	EndGlobalSection
	GlobalSection(ExtensibilityGlobals) = postSolution
		SolutionGuid = {1BBAA160-BA59-4E90-8542-91D501926E48}
	EndGlobalSection
EndGlobal
